
Microsoft Visual Studio Solution File, Format Version 12.00
# Visual Studio Version 17
VisualStudioVersion = 17.13.35818.85 d17.13
MinimumVisualStudioVersion = 10.0.40219.1
Project("{8BC9CEB8-8B4A-11D0-8D11-00A0C91BC942}") = "BestoPOSo", "BestoPOSo.vcxproj", "{23D6ABD7-3066-4FB1-BA4E-E7802A6D1E96}"
EndProject
Global
	GlobalSection(SolutionConfigurationPlatforms) = preSolution
		Debug|x64 = Debug|x64
		Release|x64 = Release|x64
	EndGlobalSection
	GlobalSection(ProjectConfigurationPlatforms) = postSolution
		{23D6ABD7-3066-4FB1-BA4E-E7802A6D1E96}.Debug|x64.ActiveCfg = Debug|x64
		{23D6ABD7-3066-4FB1-BA4E-E7802A6D1E96}.Debug|x64.Build.0 = Debug|x64
		{23D6ABD7-3066-4FB1-BA4E-E7802A6D1E96}.Release|x64.ActiveCfg = Release|x64
		{23D6ABD7-3066-4FB1-BA4E-E7802A6D1E96}.Release|x64.Build.0 = Release|x64
	EndGlobalSection
	GlobalSection(SolutionProperties) = preSolution
		HideSolutionNode = FALSE
	EndGlobalSection
	GlobalSection(ExtensibilityGlobals) = postSolution
		SolutionGuid = {44EFB42C-CB8C-48E2-95EC-8D4AACF3AEC2}
	EndGlobalSection
EndGlobal
